github.com/Matej-Chmel/go-any-to-string v1.0.2 h1:k8qs9pnVKltmRPKbEHLh77E+1jl/SeVmYyjupDGSyVU=
github.com/Matej-Chmel/go-any-to-string v1.0.2/go.mod h1:154CPmDbFmc85BqLBWG/NKow0IzyCWU9bm7W1cqFGrM=
github.com/Matej-Chmel/go-deep-copy v1.0.1 h1:XgrrNn2NeIY31R01qLpfeFYK721yQKDVvMGPz9vz+L4=
github.com/Matej-Chmel/go-deep-copy v1.0.1/go.mod h1:H010XAg1D1TlJAQVuWnm7JUbyLLG2490nqizuCo0zAQ=
github.com/Matej-Chmel/go-generic-stack v1.0.3 h1:AlpGSyUvbjxRmuVWFh8S7RZzoQiTJo2U6CMW2xDvAnc=
github.com/Matej-Chmel/go-generic-stack v1.0.3/go.mod h1:bhv6WeqwCoR3lpWBatqph/PtZbfhDQdDpHslit0S7ec=
